{
    "name": "rime-ayaka-2021",
    "lockfileVersion": 2,
    "requires": true,
    "packages": {
        "": {
            "devDependencies": {
                "qieyun-examples-node": "^0.1.1"
            }
        },
        "node_modules/qieyun": {
            "version": "0.12.1",
            "resolved": "https://registry.npmjs.org/qieyun/-/qieyun-0.12.1.tgz",
            "integrity": "sha512-t2bzBld23Vw+1q8mofvW8dXJCwBkxeGF4cFTXQ482/j6rhee9/SXjTNrvscPXfeQuawlt7GDyHxYznx/DTy+DA==",
            "dev": true,
            "engines": {
                "node": ">=10"
            }
        },
        "node_modules/qieyun-examples-node": {
            "version": "0.1.1",
            "resolved": "https://registry.npmjs.org/qieyun-examples-node/-/qieyun-examples-node-0.1.1.tgz",
            "integrity": "sha512-Jc0B/HyWFuzqlXSaehNrjjXMlpW1mUcM+YiKj/OGfYjZ7EbUr+qfs4ofsnCzJZjo8QIoDXqnkF3sYcvITnKqLg==",
            "dev": true,
            "dependencies": {
                "qieyun": "^0.12.0"
            }
        }
    },
    "dependencies": {
        "qieyun": {
            "version": "0.12.1",
            "resolved": "https://registry.npmjs.org/qieyun/-/qieyun-0.12.1.tgz",
            "integrity": "sha512-t2bzBld23Vw+1q8mofvW8dXJCwBkxeGF4cFTXQ482/j6rhee9/SXjTNrvscPXfeQuawlt7GDyHxYznx/DTy+DA==",
            "dev": true
        },
        "qieyun-examples-node": {
            "version": "0.1.1",
            "resolved": "https://registry.npmjs.org/qieyun-examples-node/-/qieyun-examples-node-0.1.1.tgz",
            "integrity": "sha512-Jc0B/HyWFuzqlXSaehNrjjXMlpW1mUcM+YiKj/OGfYjZ7EbUr+qfs4ofsnCzJZjo8QIoDXqnkF3sYcvITnKqLg==",
            "dev": true,
            "requires": {
                "qieyun": "^0.12.0"
            }
        }
    }
}
